
Microsoft Visual Studio Solution File, Format Version 12.00
# Visual Studio 14
VisualStudioVersion = 14.0.24720.0
MinimumVisualStudioVersion = 10.0.40219.1
Project("{FAE04EC0-301F-11D3-BF4B-00C04F79EFBC}") = "hexToBase64", "n-1Sec\hexToBase64.csproj", "{4998FF09-302A-4291-901A-1B52D18A6BE6}"
EndProject
Project("{FAE04EC0-301F-11D3-BF4B-00C04F79EFBC}") = "FixedXor", "FixedXor\FixedXor.csproj", "{93DDC0CE-C2DD-4B99-B367-170F3208297C}"
EndProject
Global
	GlobalSection(SolutionConfigurationPlatforms) = preSolution
		Debug|Any CPU = Debug|Any CPU
		Release|Any CPU = Release|Any CPU
	EndGlobalSection
	GlobalSection(ProjectConfigurationPlatforms) = postSolution
		{4998FF09-302A-4291-901A-1B52D18A6BE6}.Debug|Any CPU.ActiveCfg = Debug|Any CPU
		{4998FF09-302A-4291-901A-1B52D18A6BE6}.Debug|Any CPU.Build.0 = Debug|Any CPU
		{4998FF09-302A-4291-901A-1B52D18A6BE6}.Release|Any CPU.ActiveCfg = Release|Any CPU
		{4998FF09-302A-4291-901A-1B52D18A6BE6}.Release|Any CPU.Build.0 = Release|Any CPU
		{93DDC0CE-C2DD-4B99-B367-170F3208297C}.Debug|Any CPU.ActiveCfg = Debug|Any CPU
		{93DDC0CE-C2DD-4B99-B367-170F3208297C}.Debug|Any CPU.Build.0 = Debug|Any CPU
		{93DDC0CE-C2DD-4B99-B367-170F3208297C}.Release|Any CPU.ActiveCfg = Release|Any CPU
		{93DDC0CE-C2DD-4B99-B367-170F3208297C}.Release|Any CPU.Build.0 = Release|Any CPU
	EndGlobalSection
	GlobalSection(SolutionProperties) = preSolution
		HideSolutionNode = FALSE
	EndGlobalSection
EndGlobal
